
Microsoft Visual Studio Solution File, Format Version 12.00
# Visual Studio Version 17
VisualStudioVersion = 17.8.34330.188
MinimumVisualStudioVersion = 10.0.40219.1
Project("{2150E333-8FDC-42A3-9474-1A3956D46DE8}") = "Domain", "Domain", "{C8AFAE70-1C22-46DD-9B93-FD5361E9285C}"
EndProject
Project("{2150E333-8FDC-42A3-9474-1A3956D46DE8}") = "Infra.Bus", "Infra.Bus", "{1F1D11EB-F2BA-44EF-84E0-7F1466E8E7F6}"
EndProject
Project("{2150E333-8FDC-42A3-9474-1A3956D46DE8}") = "Infra.IoC", "Infra.IoC", "{20E8E7EC-E844-4D0F-A24B-B866EDFFD5AD}"
EndProject
Project("{2150E333-8FDC-42A3-9474-1A3956D46DE8}") = "Microservices", "Microservices", "{683406BA-8416-453A-9406-FEAF37379B27}"
EndProject
Project("{2150E333-8FDC-42A3-9474-1A3956D46DE8}") = "Presentation", "Presentation", "{5A2A2C37-0BC2-457D-AE74-6F21B56E9D4B}"
EndProject
Project("{FAE04EC0-301F-11D3-BF4B-00C04F79EFBC}") = "MicroRabbit.Domain.Core", "MicroRabbit.Domain.Core\MicroRabbit.Domain.Core.csproj", "{24F32809-4545-4E55-A305-649D9D1CB603}"
EndProject
Global
	GlobalSection(SolutionConfigurationPlatforms) = preSolution
		Debug|Any CPU = Debug|Any CPU
		Release|Any CPU = Release|Any CPU
	EndGlobalSection
	GlobalSection(ProjectConfigurationPlatforms) = postSolution
		{24F32809-4545-4E55-A305-649D9D1CB603}.Debug|Any CPU.ActiveCfg = Debug|Any CPU
		{24F32809-4545-4E55-A305-649D9D1CB603}.Debug|Any CPU.Build.0 = Debug|Any CPU
		{24F32809-4545-4E55-A305-649D9D1CB603}.Release|Any CPU.ActiveCfg = Release|Any CPU
		{24F32809-4545-4E55-A305-649D9D1CB603}.Release|Any CPU.Build.0 = Release|Any CPU
	EndGlobalSection
	GlobalSection(SolutionProperties) = preSolution
		HideSolutionNode = FALSE
	EndGlobalSection
	GlobalSection(NestedProjects) = preSolution
		{24F32809-4545-4E55-A305-649D9D1CB603} = {C8AFAE70-1C22-46DD-9B93-FD5361E9285C}
	EndGlobalSection
	GlobalSection(ExtensibilityGlobals) = postSolution
		SolutionGuid = {2FE3E166-68D8-45CA-A7EE-FE1C95BBCF97}
	EndGlobalSection
EndGlobal
