
Microsoft Visual Studio Solution File, Format Version 12.00
# Visual Studio Version 17
VisualStudioVersion = 17.8.34330.188
MinimumVisualStudioVersion = 10.0.40219.1
Project("{2150E333-8FDC-42A3-9474-1A3956D46DE8}") = "Domain", "Domain", "{C8AFAE70-1C22-46DD-9B93-FD5361E9285C}"
EndProject
Project("{2150E333-8FDC-42A3-9474-1A3956D46DE8}") = "Infra.Bus", "Infra.Bus", "{1F1D11EB-F2BA-44EF-84E0-7F1466E8E7F6}"
EndProject
Project("{2150E333-8FDC-42A3-9474-1A3956D46DE8}") = "Infra.IoC", "Infra.IoC", "{20E8E7EC-E844-4D0F-A24B-B866EDFFD5AD}"
EndProject
Project("{2150E333-8FDC-42A3-9474-1A3956D46DE8}") = "Microservices", "Microservices", "{683406BA-8416-453A-9406-FEAF37379B27}"
EndProject
Project("{2150E333-8FDC-42A3-9474-1A3956D46DE8}") = "Presentation", "Presentation", "{5A2A2C37-0BC2-457D-AE74-6F21B56E9D4B}"
EndProject
Project("{9A19103F-16F7-4668-BE54-9A1E7A4F7556}") = "MicroRabbit.Domain.Core", "MicroRabbit.Domain.Core\MicroRabbit.Domain.Core.csproj", "{24F32809-4545-4E55-A305-649D9D1CB603}"
EndProject
Project("{9A19103F-16F7-4668-BE54-9A1E7A4F7556}") = "MicroRabbit.Infra.Bus", "MicroRabbit.Infra.Bus\MicroRabbit.Infra.Bus.csproj", "{0CE858D2-60CC-4DCF-B355-B1642D770E87}"
EndProject
Project("{9A19103F-16F7-4668-BE54-9A1E7A4F7556}") = "MicroRabbit.Infra.IoC", "MicroRabbit.Infra.IoC\MicroRabbit.Infra.IoC.csproj", "{99120DAB-FB7E-4B74-8DC4-B94B44975BB9}"
EndProject
Project("{2150E333-8FDC-42A3-9474-1A3956D46DE8}") = "Banking", "Banking", "{8620D594-9AF3-4D50-9C8D-BED7F817463D}"
EndProject
Project("{2150E333-8FDC-42A3-9474-1A3956D46DE8}") = "API", "API", "{36638F5A-6241-49E9-8A17-0CDA6FB77B87}"
EndProject
Project("{2150E333-8FDC-42A3-9474-1A3956D46DE8}") = "Domain", "Domain", "{B0A836DF-F075-4B2B-BD91-DBB269BF8135}"
EndProject
Project("{2150E333-8FDC-42A3-9474-1A3956D46DE8}") = "Application", "Application", "{657BA34E-1ADA-4F8C-830C-2D6A951E31B0}"
EndProject
Project("{2150E333-8FDC-42A3-9474-1A3956D46DE8}") = "Data", "Data", "{8EDE493D-FB42-456A-860E-26B29885767F}"
EndProject
Project("{FAE04EC0-301F-11D3-BF4B-00C04F79EFBC}") = "MicroRabbit.Banking.Api", "MicroRabbit.Banking.Api\MicroRabbit.Banking.Api.csproj", "{9899B72F-9792-4A4A-9EBE-4CD94D663970}"
EndProject
Project("{FAE04EC0-301F-11D3-BF4B-00C04F79EFBC}") = "MicroRabbit.Banking.Application", "MicroRabbit.Banking.Application\MicroRabbit.Banking.Application.csproj", "{B6C3C60A-6C1E-4493-8741-ECC7B48DAF86}"
EndProject
Project("{FAE04EC0-301F-11D3-BF4B-00C04F79EFBC}") = "MicroRabbit.Banking.Data", "MicroRabbit.Banking.Data\MicroRabbit.Banking.Data.csproj", "{25AB5237-8AF6-4A89-BC0A-43F19C3CF614}"
EndProject
Project("{FAE04EC0-301F-11D3-BF4B-00C04F79EFBC}") = "MicroRabbit.Banking.Domain", "MicroRabbit.Banking.Domain\MicroRabbit.Banking.Domain.csproj", "{3991B1F9-F3C5-4BF6-8226-447DFA27D2D8}"
EndProject
Global
	GlobalSection(SolutionConfigurationPlatforms) = preSolution
		Debug|Any CPU = Debug|Any CPU
		Release|Any CPU = Release|Any CPU
	EndGlobalSection
	GlobalSection(ProjectConfigurationPlatforms) = postSolution
		{24F32809-4545-4E55-A305-649D9D1CB603}.Debug|Any CPU.ActiveCfg = Debug|Any CPU
		{24F32809-4545-4E55-A305-649D9D1CB603}.Debug|Any CPU.Build.0 = Debug|Any CPU
		{24F32809-4545-4E55-A305-649D9D1CB603}.Release|Any CPU.ActiveCfg = Release|Any CPU
		{24F32809-4545-4E55-A305-649D9D1CB603}.Release|Any CPU.Build.0 = Release|Any CPU
		{0CE858D2-60CC-4DCF-B355-B1642D770E87}.Debug|Any CPU.ActiveCfg = Debug|Any CPU
		{0CE858D2-60CC-4DCF-B355-B1642D770E87}.Debug|Any CPU.Build.0 = Debug|Any CPU
		{0CE858D2-60CC-4DCF-B355-B1642D770E87}.Release|Any CPU.ActiveCfg = Release|Any CPU
		{0CE858D2-60CC-4DCF-B355-B1642D770E87}.Release|Any CPU.Build.0 = Release|Any CPU
		{99120DAB-FB7E-4B74-8DC4-B94B44975BB9}.Debug|Any CPU.ActiveCfg = Debug|Any CPU
		{99120DAB-FB7E-4B74-8DC4-B94B44975BB9}.Debug|Any CPU.Build.0 = Debug|Any CPU
		{99120DAB-FB7E-4B74-8DC4-B94B44975BB9}.Release|Any CPU.ActiveCfg = Release|Any CPU
		{99120DAB-FB7E-4B74-8DC4-B94B44975BB9}.Release|Any CPU.Build.0 = Release|Any CPU
		{9899B72F-9792-4A4A-9EBE-4CD94D663970}.Debug|Any CPU.ActiveCfg = Debug|Any CPU
		{9899B72F-9792-4A4A-9EBE-4CD94D663970}.Debug|Any CPU.Build.0 = Debug|Any CPU
		{9899B72F-9792-4A4A-9EBE-4CD94D663970}.Release|Any CPU.ActiveCfg = Release|Any CPU
		{9899B72F-9792-4A4A-9EBE-4CD94D663970}.Release|Any CPU.Build.0 = Release|Any CPU
		{B6C3C60A-6C1E-4493-8741-ECC7B48DAF86}.Debug|Any CPU.ActiveCfg = Debug|Any CPU
		{B6C3C60A-6C1E-4493-8741-ECC7B48DAF86}.Debug|Any CPU.Build.0 = Debug|Any CPU
		{B6C3C60A-6C1E-4493-8741-ECC7B48DAF86}.Release|Any CPU.ActiveCfg = Release|Any CPU
		{B6C3C60A-6C1E-4493-8741-ECC7B48DAF86}.Release|Any CPU.Build.0 = Release|Any CPU
		{25AB5237-8AF6-4A89-BC0A-43F19C3CF614}.Debug|Any CPU.ActiveCfg = Debug|Any CPU
		{25AB5237-8AF6-4A89-BC0A-43F19C3CF614}.Debug|Any CPU.Build.0 = Debug|Any CPU
		{25AB5237-8AF6-4A89-BC0A-43F19C3CF614}.Release|Any CPU.ActiveCfg = Release|Any CPU
		{25AB5237-8AF6-4A89-BC0A-43F19C3CF614}.Release|Any CPU.Build.0 = Release|Any CPU
		{3991B1F9-F3C5-4BF6-8226-447DFA27D2D8}.Debug|Any CPU.ActiveCfg = Debug|Any CPU
		{3991B1F9-F3C5-4BF6-8226-447DFA27D2D8}.Debug|Any CPU.Build.0 = Debug|Any CPU
		{3991B1F9-F3C5-4BF6-8226-447DFA27D2D8}.Release|Any CPU.ActiveCfg = Release|Any CPU
		{3991B1F9-F3C5-4BF6-8226-447DFA27D2D8}.Release|Any CPU.Build.0 = Release|Any CPU
	EndGlobalSection
	GlobalSection(SolutionProperties) = preSolution
		HideSolutionNode = FALSE
	EndGlobalSection
	GlobalSection(NestedProjects) = preSolution
		{24F32809-4545-4E55-A305-649D9D1CB603} = {C8AFAE70-1C22-46DD-9B93-FD5361E9285C}
		{0CE858D2-60CC-4DCF-B355-B1642D770E87} = {1F1D11EB-F2BA-44EF-84E0-7F1466E8E7F6}
		{99120DAB-FB7E-4B74-8DC4-B94B44975BB9} = {20E8E7EC-E844-4D0F-A24B-B866EDFFD5AD}
		{8620D594-9AF3-4D50-9C8D-BED7F817463D} = {683406BA-8416-453A-9406-FEAF37379B27}
		{36638F5A-6241-49E9-8A17-0CDA6FB77B87} = {8620D594-9AF3-4D50-9C8D-BED7F817463D}
		{B0A836DF-F075-4B2B-BD91-DBB269BF8135} = {8620D594-9AF3-4D50-9C8D-BED7F817463D}
		{657BA34E-1ADA-4F8C-830C-2D6A951E31B0} = {8620D594-9AF3-4D50-9C8D-BED7F817463D}
		{8EDE493D-FB42-456A-860E-26B29885767F} = {8620D594-9AF3-4D50-9C8D-BED7F817463D}
		{9899B72F-9792-4A4A-9EBE-4CD94D663970} = {36638F5A-6241-49E9-8A17-0CDA6FB77B87}
		{B6C3C60A-6C1E-4493-8741-ECC7B48DAF86} = {657BA34E-1ADA-4F8C-830C-2D6A951E31B0}
		{25AB5237-8AF6-4A89-BC0A-43F19C3CF614} = {8EDE493D-FB42-456A-860E-26B29885767F}
		{3991B1F9-F3C5-4BF6-8226-447DFA27D2D8} = {B0A836DF-F075-4B2B-BD91-DBB269BF8135}
	EndGlobalSection
	GlobalSection(ExtensibilityGlobals) = postSolution
		SolutionGuid = {2FE3E166-68D8-45CA-A7EE-FE1C95BBCF97}
	EndGlobalSection
EndGlobal
